
Microsoft Visual Studio Solution File, Format Version 12.00
# Visual Studio 2012
Project("{FAE04EC0-301F-11D3-BF4B-00C04F79EFBC}") = "ListaTeoria", "ListaTeoria\ListaTeoria.csproj", "{86B15EEB-F7F6-4763-BA46-A72B0D7C9612}"
EndProject
Global
	GlobalSection(SolutionConfigurationPlatforms) = preSolution
		Debug|Any CPU = Debug|Any CPU
		Release|Any CPU = Release|Any CPU
	EndGlobalSection
	GlobalSection(ProjectConfigurationPlatforms) = postSolution
		{86B15EEB-F7F6-4763-BA46-A72B0D7C9612}.Debug|Any CPU.ActiveCfg = Debug|Any CPU
		{86B15EEB-F7F6-4763-BA46-A72B0D7C9612}.Debug|Any CPU.Build.0 = Debug|Any CPU
		{86B15EEB-F7F6-4763-BA46-A72B0D7C9612}.Release|Any CPU.ActiveCfg = Release|Any CPU
		{86B15EEB-F7F6-4763-BA46-A72B0D7C9612}.Release|Any CPU.Build.0 = Release|Any CPU
	EndGlobalSection
	GlobalSection(SolutionProperties) = preSolution
		HideSolutionNode = FALSE
	EndGlobalSection
EndGlobal
