
Microsoft Visual Studio Solution File, Format Version 12.00
# Visual Studio 2012
Project("{FAE04EC0-301F-11D3-BF4B-00C04F79EFBC}") = "Ejercicio3 POO", "Ejercicio3 POO\Ejercicio3 POO.csproj", "{81B682AA-94DF-4E39-A7E2-4136EC5286DC}"
EndProject
Global
	GlobalSection(SolutionConfigurationPlatforms) = preSolution
		Debug|Any CPU = Debug|Any CPU
		Release|Any CPU = Release|Any CPU
	EndGlobalSection
	GlobalSection(ProjectConfigurationPlatforms) = postSolution
		{81B682AA-94DF-4E39-A7E2-4136EC5286DC}.Debug|Any CPU.ActiveCfg = Debug|Any CPU
		{81B682AA-94DF-4E39-A7E2-4136EC5286DC}.Debug|Any CPU.Build.0 = Debug|Any CPU
		{81B682AA-94DF-4E39-A7E2-4136EC5286DC}.Release|Any CPU.ActiveCfg = Release|Any CPU
		{81B682AA-94DF-4E39-A7E2-4136EC5286DC}.Release|Any CPU.Build.0 = Release|Any CPU
	EndGlobalSection
	GlobalSection(SolutionProperties) = preSolution
		HideSolutionNode = FALSE
	EndGlobalSection
EndGlobal
